
Microsoft Visual Studio Solution File, Format Version 12.00
# Visual Studio Version 16
VisualStudioVersion = 16.0.32106.194
MinimumVisualStudioVersion = 10.0.40219.1
Project("{FAE04EC0-301F-11D3-BF4B-00C04F79EFBC}") = "XF.Testes.UWP", "XF.Testes\XF.Testes.UWP\XF.Testes.UWP.csproj", "{342C48E2-1899-4301-9354-2C9D83C2D6DD}"
EndProject
Project("{FAE04EC0-301F-11D3-BF4B-00C04F79EFBC}") = "XF.Testes.Android", "XF.Testes\XF.Testes.Android\XF.Testes.Android.csproj", "{08FAEB48-2470-4F4E-A628-22D880C69655}"
EndProject
Project("{FAE04EC0-301F-11D3-BF4B-00C04F79EFBC}") = "XF.Testes.iOS", "XF.Testes\XF.Testes.iOS\XF.Testes.iOS.csproj", "{3705BF03-F30C-4259-8E95-636904D74134}"
EndProject
Project("{FAE04EC0-301F-11D3-BF4B-00C04F79EFBC}") = "XF.Testes", "XF.Testes\XF.Testes\XF.Testes.csproj", "{AB008889-056B-451D-9F9D-5673F93EFB92}"
EndProject
Global
	GlobalSection(SolutionConfigurationPlatforms) = preSolution
		Debug|Any CPU = Debug|Any CPU
		Debug|ARM = Debug|ARM
		Debug|iPhone = Debug|iPhone
		Debug|iPhoneSimulator = Debug|iPhoneSimulator
		Debug|x64 = Debug|x64
		Debug|x86 = Debug|x86
		Release|Any CPU = Release|Any CPU
		Release|ARM = Release|ARM
		Release|iPhone = Release|iPhone
		Release|iPhoneSimulator = Release|iPhoneSimulator
		Release|x64 = Release|x64
		Release|x86 = Release|x86
	EndGlobalSection
	GlobalSection(ProjectConfigurationPlatforms) = postSolution
		{342C48E2-1899-4301-9354-2C9D83C2D6DD}.Debug|Any CPU.ActiveCfg = Debug|x86
		{342C48E2-1899-4301-9354-2C9D83C2D6DD}.Debug|Any CPU.Build.0 = Debug|x86
		{342C48E2-1899-4301-9354-2C9D83C2D6DD}.Debug|Any CPU.Deploy.0 = Debug|x86
		{342C48E2-1899-4301-9354-2C9D83C2D6DD}.Debug|ARM.ActiveCfg = Debug|ARM
		{342C48E2-1899-4301-9354-2C9D83C2D6DD}.Debug|ARM.Build.0 = Debug|ARM
		{342C48E2-1899-4301-9354-2C9D83C2D6DD}.Debug|ARM.Deploy.0 = Debug|ARM
		{342C48E2-1899-4301-9354-2C9D83C2D6DD}.Debug|iPhone.ActiveCfg = Debug|x86
		{342C48E2-1899-4301-9354-2C9D83C2D6DD}.Debug|iPhone.Build.0 = Debug|x86
		{342C48E2-1899-4301-9354-2C9D83C2D6DD}.Debug|iPhone.Deploy.0 = Debug|x86
		{342C48E2-1899-4301-9354-2C9D83C2D6DD}.Debug|iPhoneSimulator.ActiveCfg = Debug|x86
		{342C48E2-1899-4301-9354-2C9D83C2D6DD}.Debug|iPhoneSimulator.Build.0 = Debug|x86
		{342C48E2-1899-4301-9354-2C9D83C2D6DD}.Debug|iPhoneSimulator.Deploy.0 = Debug|x86
		{342C48E2-1899-4301-9354-2C9D83C2D6DD}.Debug|x64.ActiveCfg = Debug|x64
		{342C48E2-1899-4301-9354-2C9D83C2D6DD}.Debug|x64.Build.0 = Debug|x64
		{342C48E2-1899-4301-9354-2C9D83C2D6DD}.Debug|x64.Deploy.0 = Debug|x64
		{342C48E2-1899-4301-9354-2C9D83C2D6DD}.Debug|x86.ActiveCfg = Debug|x86
		{342C48E2-1899-4301-9354-2C9D83C2D6DD}.Debug|x86.Build.0 = Debug|x86
		{342C48E2-1899-4301-9354-2C9D83C2D6DD}.Debug|x86.Deploy.0 = Debug|x86
		{342C48E2-1899-4301-9354-2C9D83C2D6DD}.Release|Any CPU.ActiveCfg = Release|x86
		{342C48E2-1899-4301-9354-2C9D83C2D6DD}.Release|Any CPU.Build.0 = Release|x86
		{342C48E2-1899-4301-9354-2C9D83C2D6DD}.Release|Any CPU.Deploy.0 = Release|x86
		{342C48E2-1899-4301-9354-2C9D83C2D6DD}.Release|ARM.ActiveCfg = Release|ARM
		{342C48E2-1899-4301-9354-2C9D83C2D6DD}.Release|ARM.Build.0 = Release|ARM
		{342C48E2-1899-4301-9354-2C9D83C2D6DD}.Release|ARM.Deploy.0 = Release|ARM
		{342C48E2-1899-4301-9354-2C9D83C2D6DD}.Release|iPhone.ActiveCfg = Release|x86
		{342C48E2-1899-4301-9354-2C9D83C2D6DD}.Release|iPhone.Build.0 = Release|x86
		{342C48E2-1899-4301-9354-2C9D83C2D6DD}.Release|iPhone.Deploy.0 = Release|x86
		{342C48E2-1899-4301-9354-2C9D83C2D6DD}.Release|iPhoneSimulator.ActiveCfg = Release|x86
		{342C48E2-1899-4301-9354-2C9D83C2D6DD}.Release|iPhoneSimulator.Build.0 = Release|x86
		{342C48E2-1899-4301-9354-2C9D83C2D6DD}.Release|iPhoneSimulator.Deploy.0 = Release|x86
		{342C48E2-1899-4301-9354-2C9D83C2D6DD}.Release|x64.ActiveCfg = Release|x64
		{342C48E2-1899-4301-9354-2C9D83C2D6DD}.Release|x64.Build.0 = Release|x64
		{342C48E2-1899-4301-9354-2C9D83C2D6DD}.Release|x64.Deploy.0 = Release|x64
		{342C48E2-1899-4301-9354-2C9D83C2D6DD}.Release|x86.ActiveCfg = Release|x86
		{342C48E2-1899-4301-9354-2C9D83C2D6DD}.Release|x86.Build.0 = Release|x86
		{342C48E2-1899-4301-9354-2C9D83C2D6DD}.Release|x86.Deploy.0 = Release|x86
		{08FAEB48-2470-4F4E-A628-22D880C69655}.Debug|Any CPU.ActiveCfg = Debug|Any CPU
		{08FAEB48-2470-4F4E-A628-22D880C69655}.Debug|Any CPU.Build.0 = Debug|Any CPU
		{08FAEB48-2470-4F4E-A628-22D880C69655}.Debug|Any CPU.Deploy.0 = Debug|Any CPU
		{08FAEB48-2470-4F4E-A628-22D880C69655}.Debug|ARM.ActiveCfg = Debug|Any CPU
		{08FAEB48-2470-4F4E-A628-22D880C69655}.Debug|ARM.Build.0 = Debug|Any CPU
		{08FAEB48-2470-4F4E-A628-22D880C69655}.Debug|ARM.Deploy.0 = Debug|Any CPU
		{08FAEB48-2470-4F4E-A628-22D880C69655}.Debug|iPhone.ActiveCfg = Debug|Any CPU
		{08FAEB48-2470-4F4E-A628-22D880C69655}.Debug|iPhone.Build.0 = Debug|Any CPU
		{08FAEB48-2470-4F4E-A628-22D880C69655}.Debug|iPhone.Deploy.0 = Debug|Any CPU
		{08FAEB48-2470-4F4E-A628-22D880C69655}.Debug|iPhoneSimulator.ActiveCfg = Debug|Any CPU
		{08FAEB48-2470-4F4E-A628-22D880C69655}.Debug|iPhoneSimulator.Build.0 = Debug|Any CPU
		{08FAEB48-2470-4F4E-A628-22D880C69655}.Debug|iPhoneSimulator.Deploy.0 = Debug|Any CPU
		{08FAEB48-2470-4F4E-A628-22D880C69655}.Debug|x64.ActiveCfg = Debug|Any CPU
		{08FAEB48-2470-4F4E-A628-22D880C69655}.Debug|x64.Build.0 = Debug|Any CPU
		{08FAEB48-2470-4F4E-A628-22D880C69655}.Debug|x64.Deploy.0 = Debug|Any CPU
		{08FAEB48-2470-4F4E-A628-22D880C69655}.Debug|x86.ActiveCfg = Debug|Any CPU
		{08FAEB48-2470-4F4E-A628-22D880C69655}.Debug|x86.Build.0 = Debug|Any CPU
		{08FAEB48-2470-4F4E-A628-22D880C69655}.Debug|x86.Deploy.0 = Debug|Any CPU
		{08FAEB48-2470-4F4E-A628-22D880C69655}.Release|Any CPU.ActiveCfg = Release|Any CPU
		{08FAEB48-2470-4F4E-A628-22D880C69655}.Release|Any CPU.Build.0 = Release|Any CPU
		{08FAEB48-2470-4F4E-A628-22D880C69655}.Release|Any CPU.Deploy.0 = Release|Any CPU
		{08FAEB48-2470-4F4E-A628-22D880C69655}.Release|ARM.ActiveCfg = Release|Any CPU
		{08FAEB48-2470-4F4E-A628-22D880C69655}.Release|ARM.Build.0 = Release|Any CPU
		{08FAEB48-2470-4F4E-A628-22D880C69655}.Release|ARM.Deploy.0 = Release|Any CPU
		{08FAEB48-2470-4F4E-A628-22D880C69655}.Release|iPhone.ActiveCfg = Release|Any CPU
		{08FAEB48-2470-4F4E-A628-22D880C69655}.Release|iPhone.Build.0 = Release|Any CPU
		{08FAEB48-2470-4F4E-A628-22D880C69655}.Release|iPhone.Deploy.0 = Release|Any CPU
		{08FAEB48-2470-4F4E-A628-22D880C69655}.Release|iPhoneSimulator.ActiveCfg = Release|Any CPU
		{08FAEB48-2470-4F4E-A628-22D880C69655}.Release|iPhoneSimulator.Build.0 = Release|Any CPU
		{08FAEB48-2470-4F4E-A628-22D880C69655}.Release|iPhoneSimulator.Deploy.0 = Release|Any CPU
		{08FAEB48-2470-4F4E-A628-22D880C69655}.Release|x64.ActiveCfg = Release|Any CPU
		{08FAEB48-2470-4F4E-A628-22D880C69655}.Release|x64.Build.0 = Release|Any CPU
		{08FAEB48-2470-4F4E-A628-22D880C69655}.Release|x64.Deploy.0 = Release|Any CPU
		{08FAEB48-2470-4F4E-A628-22D880C69655}.Release|x86.ActiveCfg = Release|Any CPU
		{08FAEB48-2470-4F4E-A628-22D880C69655}.Release|x86.Build.0 = Release|Any CPU
		{08FAEB48-2470-4F4E-A628-22D880C69655}.Release|x86.Deploy.0 = Release|Any CPU
		{3705BF03-F30C-4259-8E95-636904D74134}.Debug|Any CPU.ActiveCfg = Debug|iPhoneSimulator
		{3705BF03-F30C-4259-8E95-636904D74134}.Debug|Any CPU.Build.0 = Debug|iPhoneSimulator
		{3705BF03-F30C-4259-8E95-636904D74134}.Debug|Any CPU.Deploy.0 = Debug|iPhoneSimulator
		{3705BF03-F30C-4259-8E95-636904D74134}.Debug|ARM.ActiveCfg = Debug|iPhone
		{3705BF03-F30C-4259-8E95-636904D74134}.Debug|ARM.Build.0 = Debug|iPhone
		{3705BF03-F30C-4259-8E95-636904D74134}.Debug|ARM.Deploy.0 = Debug|iPhone
		{3705BF03-F30C-4259-8E95-636904D74134}.Debug|iPhone.ActiveCfg = Debug|iPhone
		{3705BF03-F30C-4259-8E95-636904D74134}.Debug|iPhone.Build.0 = Debug|iPhone
		{3705BF03-F30C-4259-8E95-636904D74134}.Debug|iPhone.Deploy.0 = Debug|iPhone
		{3705BF03-F30C-4259-8E95-636904D74134}.Debug|iPhoneSimulator.ActiveCfg = Debug|iPhoneSimulator
		{3705BF03-F30C-4259-8E95-636904D74134}.Debug|iPhoneSimulator.Build.0 = Debug|iPhoneSimulator
		{3705BF03-F30C-4259-8E95-636904D74134}.Debug|iPhoneSimulator.Deploy.0 = Debug|iPhoneSimulator
		{3705BF03-F30C-4259-8E95-636904D74134}.Debug|x64.ActiveCfg = Debug|iPhoneSimulator
		{3705BF03-F30C-4259-8E95-636904D74134}.Debug|x64.Build.0 = Debug|iPhoneSimulator
		{3705BF03-F30C-4259-8E95-636904D74134}.Debug|x64.Deploy.0 = Debug|iPhoneSimulator
		{3705BF03-F30C-4259-8E95-636904D74134}.Debug|x86.ActiveCfg = Debug|iPhoneSimulator
		{3705BF03-F30C-4259-8E95-636904D74134}.Debug|x86.Build.0 = Debug|iPhoneSimulator
		{3705BF03-F30C-4259-8E95-636904D74134}.Debug|x86.Deploy.0 = Debug|iPhoneSimulator
		{3705BF03-F30C-4259-8E95-636904D74134}.Release|Any CPU.ActiveCfg = Release|iPhoneSimulator
		{3705BF03-F30C-4259-8E95-636904D74134}.Release|Any CPU.Build.0 = Release|iPhoneSimulator
		{3705BF03-F30C-4259-8E95-636904D74134}.Release|Any CPU.Deploy.0 = Release|iPhoneSimulator
		{3705BF03-F30C-4259-8E95-636904D74134}.Release|ARM.ActiveCfg = Release|iPhoneSimulator
		{3705BF03-F30C-4259-8E95-636904D74134}.Release|ARM.Build.0 = Release|iPhoneSimulator
		{3705BF03-F30C-4259-8E95-636904D74134}.Release|ARM.Deploy.0 = Release|iPhoneSimulator
		{3705BF03-F30C-4259-8E95-636904D74134}.Release|iPhone.ActiveCfg = Release|iPhone
		{3705BF03-F30C-4259-8E95-636904D74134}.Release|iPhone.Build.0 = Release|iPhone
		{3705BF03-F30C-4259-8E95-636904D74134}.Release|iPhone.Deploy.0 = Release|iPhone
		{3705BF03-F30C-4259-8E95-636904D74134}.Release|iPhoneSimulator.ActiveCfg = Release|iPhoneSimulator
		{3705BF03-F30C-4259-8E95-636904D74134}.Release|iPhoneSimulator.Build.0 = Release|iPhoneSimulator
		{3705BF03-F30C-4259-8E95-636904D74134}.Release|iPhoneSimulator.Deploy.0 = Release|iPhoneSimulator
		{3705BF03-F30C-4259-8E95-636904D74134}.Release|x64.ActiveCfg = Release|iPhoneSimulator
		{3705BF03-F30C-4259-8E95-636904D74134}.Release|x64.Build.0 = Release|iPhoneSimulator
		{3705BF03-F30C-4259-8E95-636904D74134}.Release|x64.Deploy.0 = Release|iPhoneSimulator
		{3705BF03-F30C-4259-8E95-636904D74134}.Release|x86.ActiveCfg = Release|iPhoneSimulator
		{3705BF03-F30C-4259-8E95-636904D74134}.Release|x86.Build.0 = Release|iPhoneSimulator
		{3705BF03-F30C-4259-8E95-636904D74134}.Release|x86.Deploy.0 = Release|iPhoneSimulator
		{AB008889-056B-451D-9F9D-5673F93EFB92}.Debug|Any CPU.ActiveCfg = Debug|Any CPU
		{AB008889-056B-451D-9F9D-5673F93EFB92}.Debug|Any CPU.Build.0 = Debug|Any CPU
		{AB008889-056B-451D-9F9D-5673F93EFB92}.Debug|Any CPU.Deploy.0 = Debug|Any CPU
		{AB008889-056B-451D-9F9D-5673F93EFB92}.Debug|ARM.ActiveCfg = Debug|Any CPU
		{AB008889-056B-451D-9F9D-5673F93EFB92}.Debug|ARM.Build.0 = Debug|Any CPU
		{AB008889-056B-451D-9F9D-5673F93EFB92}.Debug|ARM.Deploy.0 = Debug|Any CPU
		{AB008889-056B-451D-9F9D-5673F93EFB92}.Debug|iPhone.ActiveCfg = Debug|Any CPU
		{AB008889-056B-451D-9F9D-5673F93EFB92}.Debug|iPhone.Build.0 = Debug|Any CPU
		{AB008889-056B-451D-9F9D-5673F93EFB92}.Debug|iPhone.Deploy.0 = Debug|Any CPU
		{AB008889-056B-451D-9F9D-5673F93EFB92}.Debug|iPhoneSimulator.ActiveCfg = Debug|Any CPU
		{AB008889-056B-451D-9F9D-5673F93EFB92}.Debug|iPhoneSimulator.Build.0 = Debug|Any CPU
		{AB008889-056B-451D-9F9D-5673F93EFB92}.Debug|iPhoneSimulator.Deploy.0 = Debug|Any CPU
		{AB008889-056B-451D-9F9D-5673F93EFB92}.Debug|x64.ActiveCfg = Debug|Any CPU
		{AB008889-056B-451D-9F9D-5673F93EFB92}.Debug|x64.Build.0 = Debug|Any CPU
		{AB008889-056B-451D-9F9D-5673F93EFB92}.Debug|x64.Deploy.0 = Debug|Any CPU
		{AB008889-056B-451D-9F9D-5673F93EFB92}.Debug|x86.ActiveCfg = Debug|Any CPU
		{AB008889-056B-451D-9F9D-5673F93EFB92}.Debug|x86.Build.0 = Debug|Any CPU
		{AB008889-056B-451D-9F9D-5673F93EFB92}.Debug|x86.Deploy.0 = Debug|Any CPU
		{AB008889-056B-451D-9F9D-5673F93EFB92}.Release|Any CPU.ActiveCfg = Release|Any CPU
		{AB008889-056B-451D-9F9D-5673F93EFB92}.Release|Any CPU.Build.0 = Release|Any CPU
		{AB008889-056B-451D-9F9D-5673F93EFB92}.Release|Any CPU.Deploy.0 = Release|Any CPU
		{AB008889-056B-451D-9F9D-5673F93EFB92}.Release|ARM.ActiveCfg = Release|Any CPU
		{AB008889-056B-451D-9F9D-5673F93EFB92}.Release|ARM.Build.0 = Release|Any CPU
		{AB008889-056B-451D-9F9D-5673F93EFB92}.Release|ARM.Deploy.0 = Release|Any CPU
		{AB008889-056B-451D-9F9D-5673F93EFB92}.Release|iPhone.ActiveCfg = Release|Any CPU
		{AB008889-056B-451D-9F9D-5673F93EFB92}.Release|iPhone.Build.0 = Release|Any CPU
		{AB008889-056B-451D-9F9D-5673F93EFB92}.Release|iPhone.Deploy.0 = Release|Any CPU
		{AB008889-056B-451D-9F9D-5673F93EFB92}.Release|iPhoneSimulator.ActiveCfg = Release|Any CPU
		{AB008889-056B-451D-9F9D-5673F93EFB92}.Release|iPhoneSimulator.Build.0 = Release|Any CPU
		{AB008889-056B-451D-9F9D-5673F93EFB92}.Release|iPhoneSimulator.Deploy.0 = Release|Any CPU
		{AB008889-056B-451D-9F9D-5673F93EFB92}.Release|x64.ActiveCfg = Release|Any CPU
		{AB008889-056B-451D-9F9D-5673F93EFB92}.Release|x64.Build.0 = Release|Any CPU
		{AB008889-056B-451D-9F9D-5673F93EFB92}.Release|x64.Deploy.0 = Release|Any CPU
		{AB008889-056B-451D-9F9D-5673F93EFB92}.Release|x86.ActiveCfg = Release|Any CPU
		{AB008889-056B-451D-9F9D-5673F93EFB92}.Release|x86.Build.0 = Release|Any CPU
		{AB008889-056B-451D-9F9D-5673F93EFB92}.Release|x86.Deploy.0 = Release|Any CPU
	EndGlobalSection
	GlobalSection(SolutionProperties) = preSolution
		HideSolutionNode = FALSE
	EndGlobalSection
	GlobalSection(ExtensibilityGlobals) = postSolution
		SolutionGuid = {9742747D-FF9F-47DA-902C-73631B915384}
	EndGlobalSection
EndGlobal
